
Microsoft Visual Studio Solution File, Format Version 12.00
Project("{FAE04EC0-301F-11D3-BF4B-00C04F79EFBC}") = "pr-02-03-01", "pr-02-03-01.csproj", "{8DCEB3A1-B817-41C2-AFD9-D10CFD0AC49E}"
EndProject
Global
	GlobalSection(SolutionConfigurationPlatforms) = preSolution
		Debug|Any CPU = Debug|Any CPU
		Release|Any CPU = Release|Any CPU
	EndGlobalSection
	GlobalSection(ProjectConfigurationPlatforms) = postSolution
		{8DCEB3A1-B817-41C2-AFD9-D10CFD0AC49E}.Debug|Any CPU.ActiveCfg = Debug|Any CPU
		{8DCEB3A1-B817-41C2-AFD9-D10CFD0AC49E}.Debug|Any CPU.Build.0 = Debug|Any CPU
		{8DCEB3A1-B817-41C2-AFD9-D10CFD0AC49E}.Release|Any CPU.ActiveCfg = Release|Any CPU
		{8DCEB3A1-B817-41C2-AFD9-D10CFD0AC49E}.Release|Any CPU.Build.0 = Release|Any CPU
	EndGlobalSection
EndGlobal
