
Microsoft Visual Studio Solution File, Format Version 12.00
Project("{FAE04EC0-301F-11D3-BF4B-00C04F79EFBC}") = "pr-02-01", "pr-02-01.csproj", "{76741D6F-184F-4F1D-A3E5-688748741FA8}"
EndProject
Global
	GlobalSection(SolutionConfigurationPlatforms) = preSolution
		Debug|Any CPU = Debug|Any CPU
		Release|Any CPU = Release|Any CPU
	EndGlobalSection
	GlobalSection(ProjectConfigurationPlatforms) = postSolution
		{76741D6F-184F-4F1D-A3E5-688748741FA8}.Debug|Any CPU.ActiveCfg = Debug|Any CPU
		{76741D6F-184F-4F1D-A3E5-688748741FA8}.Debug|Any CPU.Build.0 = Debug|Any CPU
		{76741D6F-184F-4F1D-A3E5-688748741FA8}.Release|Any CPU.ActiveCfg = Release|Any CPU
		{76741D6F-184F-4F1D-A3E5-688748741FA8}.Release|Any CPU.Build.0 = Release|Any CPU
	EndGlobalSection
EndGlobal
