
Microsoft Visual Studio Solution File, Format Version 12.00
Project("{FAE04EC0-301F-11D3-BF4B-00C04F79EFBC}") = "pr-04-05", "pr-04-05.csproj", "{24593299-B4B3-4891-A3D5-31FBB8DAB651}"
EndProject
Global
	GlobalSection(SolutionConfigurationPlatforms) = preSolution
		Debug|Any CPU = Debug|Any CPU
		Release|Any CPU = Release|Any CPU
	EndGlobalSection
	GlobalSection(ProjectConfigurationPlatforms) = postSolution
		{24593299-B4B3-4891-A3D5-31FBB8DAB651}.Debug|Any CPU.ActiveCfg = Debug|Any CPU
		{24593299-B4B3-4891-A3D5-31FBB8DAB651}.Debug|Any CPU.Build.0 = Debug|Any CPU
		{24593299-B4B3-4891-A3D5-31FBB8DAB651}.Release|Any CPU.ActiveCfg = Release|Any CPU
		{24593299-B4B3-4891-A3D5-31FBB8DAB651}.Release|Any CPU.Build.0 = Release|Any CPU
	EndGlobalSection
EndGlobal
